
Microsoft Visual Studio Solution File, Format Version 12.00
# Visual Studio Version 16
VisualStudioVersion = 16.0.31019.35
MinimumVisualStudioVersion = 10.0.40219.1
Project("{9A19103F-16F7-4668-BE54-9A1E7A4F7556}") = "Publisher", "Publisher\Publisher.csproj", "{E5C66077-0531-43A3-855D-4D1ADAF38918}"
EndProject
Project("{9A19103F-16F7-4668-BE54-9A1E7A4F7556}") = "Common", "Common\Common.csproj", "{4C332D2E-C92C-4438-9535-4AAE0A228887}"
EndProject
Project("{FAE04EC0-301F-11D3-BF4B-00C04F79EFBC}") = "Broker", "Broker\Broker.csproj", "{1125DFF9-D696-4B5E-AF51-B42D1AD54FDE}"
EndProject
Project("{FAE04EC0-301F-11D3-BF4B-00C04F79EFBC}") = "Subscriber", "Subscriber\Subscriber.csproj", "{7D8D0DBC-61F9-46F4-889E-D5E6CEAEFD71}"
EndProject
Global
	GlobalSection(SolutionConfigurationPlatforms) = preSolution
		Debug|Any CPU = Debug|Any CPU
		Release|Any CPU = Release|Any CPU
	EndGlobalSection
	GlobalSection(ProjectConfigurationPlatforms) = postSolution
		{E5C66077-0531-43A3-855D-4D1ADAF38918}.Debug|Any CPU.ActiveCfg = Debug|Any CPU
		{E5C66077-0531-43A3-855D-4D1ADAF38918}.Debug|Any CPU.Build.0 = Debug|Any CPU
		{E5C66077-0531-43A3-855D-4D1ADAF38918}.Release|Any CPU.ActiveCfg = Release|Any CPU
		{E5C66077-0531-43A3-855D-4D1ADAF38918}.Release|Any CPU.Build.0 = Release|Any CPU
		{4C332D2E-C92C-4438-9535-4AAE0A228887}.Debug|Any CPU.ActiveCfg = Debug|Any CPU
		{4C332D2E-C92C-4438-9535-4AAE0A228887}.Debug|Any CPU.Build.0 = Debug|Any CPU
		{4C332D2E-C92C-4438-9535-4AAE0A228887}.Release|Any CPU.ActiveCfg = Release|Any CPU
		{4C332D2E-C92C-4438-9535-4AAE0A228887}.Release|Any CPU.Build.0 = Release|Any CPU
		{1125DFF9-D696-4B5E-AF51-B42D1AD54FDE}.Debug|Any CPU.ActiveCfg = Debug|Any CPU
		{1125DFF9-D696-4B5E-AF51-B42D1AD54FDE}.Debug|Any CPU.Build.0 = Debug|Any CPU
		{1125DFF9-D696-4B5E-AF51-B42D1AD54FDE}.Release|Any CPU.ActiveCfg = Release|Any CPU
		{1125DFF9-D696-4B5E-AF51-B42D1AD54FDE}.Release|Any CPU.Build.0 = Release|Any CPU
		{7D8D0DBC-61F9-46F4-889E-D5E6CEAEFD71}.Debug|Any CPU.ActiveCfg = Debug|Any CPU
		{7D8D0DBC-61F9-46F4-889E-D5E6CEAEFD71}.Debug|Any CPU.Build.0 = Debug|Any CPU
		{7D8D0DBC-61F9-46F4-889E-D5E6CEAEFD71}.Release|Any CPU.ActiveCfg = Release|Any CPU
		{7D8D0DBC-61F9-46F4-889E-D5E6CEAEFD71}.Release|Any CPU.Build.0 = Release|Any CPU
	EndGlobalSection
	GlobalSection(SolutionProperties) = preSolution
		HideSolutionNode = FALSE
	EndGlobalSection
	GlobalSection(ExtensibilityGlobals) = postSolution
		SolutionGuid = {06D5301B-9ECC-4403-A70B-982CFADEBE13}
	EndGlobalSection
EndGlobal
